
Microsoft Visual Studio Solution File, Format Version 12.00
# Visual Studio Version 16
VisualStudioVersion = 16.0.29424.173
MinimumVisualStudioVersion = 10.0.40219.1
Project("{F184B08F-C81C-45F6-A57F-5ABD9991F28F}") = "Ferienpass", "Ferienpass\Ferienpass.vbproj", "{EDAA9C15-272E-4862-B949-96E1379DA94A}"
EndProject
Global
	GlobalSection(SolutionConfigurationPlatforms) = preSolution
		Debug|Any CPU = Debug|Any CPU
		Release|Any CPU = Release|Any CPU
	EndGlobalSection
	GlobalSection(ProjectConfigurationPlatforms) = postSolution
		{EDAA9C15-272E-4862-B949-96E1379DA94A}.Debug|Any CPU.ActiveCfg = Debug|Any CPU
		{EDAA9C15-272E-4862-B949-96E1379DA94A}.Debug|Any CPU.Build.0 = Debug|Any CPU
		{EDAA9C15-272E-4862-B949-96E1379DA94A}.Release|Any CPU.ActiveCfg = Release|Any CPU
		{EDAA9C15-272E-4862-B949-96E1379DA94A}.Release|Any CPU.Build.0 = Release|Any CPU
	EndGlobalSection
	GlobalSection(SolutionProperties) = preSolution
		HideSolutionNode = FALSE
	EndGlobalSection
	GlobalSection(ExtensibilityGlobals) = postSolution
		SolutionGuid = {93ABB187-F9A4-4C26-A70E-1439C66130CA}
	EndGlobalSection
EndGlobal
